{
  "name": "agentstrata-node-tools",
  "version": "1.0.0",
  "lockfileVersion": 3,
  "requires": true,
  "packages": {
    "": {
      "name": "agentstrata-node-tools",
      "version": "1.0.0",
      "dependencies": {
        "cc-connect": "1.4.0-beta.3"
      }
    },
    "node_modules/cc-connect": {
      "version": "1.4.0-beta.3",
      "resolved": "https://registry.npmjs.org/cc-connect/-/cc-connect-1.4.0-beta.3.tgz",
      "integrity": "sha512-4RIaOISLxjqgZOrUkzug59pkZgQeCtk920I9Tx+n+L8NR2LKTMxE3dpn/I15Yhue1zC7SSZSd0Dqc/imIH4Wqw==",
      "hasInstallScript": true,
      "license": "MIT",
      "bin": {
        "cc-connect": "run.js"
      }
    }
  }
}
